
Microsoft Visual Studio Solution File, Format Version 12.00
# Visual Studio Version 17
VisualStudioVersion = 17.0.31903.59
MinimumVisualStudioVersion = 10.0.40219.1
Project("{FAE04EC0-301F-11D3-BF4B-00C04F79EFBC}") = "CodeGraph.Api", "src\CodeGraph.Api\CodeGraph.Api.csproj", "{ABDA1D4F-2F29-452E-A6D0-C505C4774C85}"
EndProject
Project("{FAE04EC0-301F-11D3-BF4B-00C04F79EFBC}") = "CodeGraph.Models", "src\CodeGraph.Models\CodeGraph.Models.csproj", "{61C7BD16-342F-4324-AA69-C11BF8B085C5}"
EndProject
Project("{FAE04EC0-301F-11D3-BF4B-00C04F79EFBC}") = "CodeGraph.Services", "src\CodeGraph.Services\CodeGraph.Services.csproj", "{05E38123-93BB-4ACC-90EE-8C628A955F6A}"
EndProject
Project("{FAE04EC0-301F-11D3-BF4B-00C04F79EFBC}") = "CodeGraph.Data", "src\CodeGraph.Data\CodeGraph.Data.csproj", "{0FA856CD-9575-4AA7-BE34-CFB40BB7B2F1}"
EndProject
Project("{FAE04EC0-301F-11D3-BF4B-00C04F79EFBC}") = "CodeGraph.Data.Neo4j", "src\CodeGraph.Data.Neo4j\CodeGraph.Data.Neo4j.csproj", "{E04C466A-C1E3-485F-AC90-B2A253EB928C}"
EndProject
Project("{FAE04EC0-301F-11D3-BF4B-00C04F79EFBC}") = "CodeGraph.Jobs", "src\CodeGraph.Jobs\CodeGraph.Jobs.csproj", "{894C0A38-09A3-454A-8CDF-2E4C27823D70}"
EndProject
Project("{FAE04EC0-301F-11D3-BF4B-00C04F79EFBC}") = "CodeGraph.Extractors.CSharp", "src\CodeGraph.Extractors.CSharp\CodeGraph.Extractors.CSharp.csproj", "{809399D4-3657-44A5-96B9-4E349197A069}"
EndProject
Project("{FAE04EC0-301F-11D3-BF4B-00C04F79EFBC}") = "CodeGraph.Tests", "src\CodeGraph.Tests\CodeGraph.Tests.csproj", "{AA5F8F41-48F7-4356-9513-C213D4C95615}"
EndProject
Project("{FAE04EC0-301F-11D3-BF4B-00C04F79EFBC}") = "CodeGraph.Jobs.Tests", "src\CodeGraph.Jobs.Tests\CodeGraph.Jobs.Tests.csproj", "{8367E705-7F61-416F-9FA9-C360C1D40282}"
EndProject
Project("{FAE04EC0-301F-11D3-BF4B-00C04F79EFBC}") = "CodeGraph.Extractors.Sql", "src\CodeGraph.Extractors.Sql\CodeGraph.Extractors.Sql.csproj", "{C51AE3E3-D309-49A1-BD1E-F6C25BBF7556}"
EndProject
Project("{FAE04EC0-301F-11D3-BF4B-00C04F79EFBC}") = "CodeGraph.Extractors.TypeScript", "src\CodeGraph.Extractors.TypeScript\CodeGraph.Extractors.TypeScript.csproj", "{3B7E2F1A-9C4D-4E5F-8A6B-1D2E3F4A5B6C}"
EndProject
Project("{FAE04EC0-301F-11D3-BF4B-00C04F79EFBC}") = "CodeGraph.Extractors.TreeSitter", "src\CodeGraph.Extractors.TreeSitter\CodeGraph.Extractors.TreeSitter.csproj", "{A1B2C3D4-E5F6-7890-ABCD-EF1234567890}"
EndProject
Project("{2150E333-8FDC-42A3-9474-1A3956D46DE8}") = "Solution Items", "Solution Items", "{E257CA3C-4C7A-4578-95C4-B3EAFCFF70CB}"
	ProjectSection(SolutionItems) = preProject
		.claude\settings.json = .claude\settings.json
		.claude\settings.local.json = .claude\settings.local.json
		.gitignore = .gitignore
		.env = .env
		CLAUDE.md = CLAUDE.md
		docker-compose.yml = docker-compose.yml
		nuget.config = nuget.config
		nuget.docker.config = nuget.docker.config
		Dockerfile = Dockerfile
	EndProjectSection
EndProject
Project("{FAE04EC0-301F-11D3-BF4B-00C04F79EFBC}") = "CodeGraph.Data.MariaDb", "src\CodeGraph.Data.MariaDb\CodeGraph.Data.MariaDb.csproj", "{6D0E3197-B2C1-4101-BCD1-E2F97F115C17}"
EndProject
Project("{2150E333-8FDC-42A3-9474-1A3956D46DE8}") = "src", "src", "{827E0CD3-B72D-47B6-A68D-7590B98EB39B}"
EndProject
Project("{FAE04EC0-301F-11D3-BF4B-00C04F79EFBC}") = "CodeGraph.Extractors.Ansible", "src\CodeGraph.Extractors.Ansible\CodeGraph.Extractors.Ansible.csproj", "{552A5550-56CB-4B69-86D2-DCA214534915}"
EndProject
Project("{FAE04EC0-301F-11D3-BF4B-00C04F79EFBC}") = "CodeGraph.Extractors.Terraform", "src\CodeGraph.Extractors.Terraform\CodeGraph.Extractors.Terraform.csproj", "{38BDE1D0-9A10-499A-AFE4-48E4D6A3FE81}"
EndProject
Project("{FAE04EC0-301F-11D3-BF4B-00C04F79EFBC}") = "CodeGraph.Extractors.ColdFusion", "src\CodeGraph.Extractors.ColdFusion\CodeGraph.Extractors.ColdFusion.csproj", "{A68A5DDD-0A4D-4F69-9580-9DB8C1A98822}"
EndProject
Project("{FAE04EC0-301F-11D3-BF4B-00C04F79EFBC}") = "CodeGraph.Host.Shared", "src\CodeGraph.Host.Shared\CodeGraph.Host.Shared.csproj", "{C5865166-ABEF-4450-9209-FFAC7244933B}"
EndProject
Project("{FAE04EC0-301F-11D3-BF4B-00C04F79EFBC}") = "CodeGraph.Indexer.Client", "src\CodeGraph.Indexer.Client\CodeGraph.Indexer.Client.csproj", "{3F6AB3D8-7D19-441E-BB5C-BEDC40482656}"
EndProject
Project("{FAE04EC0-301F-11D3-BF4B-00C04F79EFBC}") = "CodeGraph.Indexer.Host", "src\CodeGraph.Indexer.Host\CodeGraph.Indexer.Host.csproj", "{2C9B1A6F-B4BA-46EB-A3E3-0368BE219C99}"
EndProject
Project("{FAE04EC0-301F-11D3-BF4B-00C04F79EFBC}") = "CodeGraph.Memory.Client", "src\CodeGraph.Memory.Client\CodeGraph.Memory.Client.csproj", "{384FEC75-4BA7-4C7A-A043-BA329B5759B2}"
EndProject
Project("{FAE04EC0-301F-11D3-BF4B-00C04F79EFBC}") = "CodeGraph.Memory.Host", "src\CodeGraph.Memory.Host\CodeGraph.Memory.Host.csproj", "{B843DCEC-645D-48F4-8C2C-F85E00D1C040}"
EndProject
Project("{FAE04EC0-301F-11D3-BF4B-00C04F79EFBC}") = "CodeGraph.Metrics", "src\CodeGraph.Metrics\CodeGraph.Metrics.csproj", "{961A9132-8B07-4DB3-A140-B1902D6C59D8}"
EndProject
Global
	GlobalSection(SolutionConfigurationPlatforms) = preSolution
		Debug|Any CPU = Debug|Any CPU
		Debug|x64 = Debug|x64
		Debug|x86 = Debug|x86
		Release|Any CPU = Release|Any CPU
		Release|x64 = Release|x64
		Release|x86 = Release|x86
	EndGlobalSection
	GlobalSection(ProjectConfigurationPlatforms) = postSolution
		{ABDA1D4F-2F29-452E-A6D0-C505C4774C85}.Debug|Any CPU.ActiveCfg = Debug|Any CPU
		{ABDA1D4F-2F29-452E-A6D0-C505C4774C85}.Debug|Any CPU.Build.0 = Debug|Any CPU
		{ABDA1D4F-2F29-452E-A6D0-C505C4774C85}.Debug|x64.ActiveCfg = Debug|Any CPU
		{ABDA1D4F-2F29-452E-A6D0-C505C4774C85}.Debug|x64.Build.0 = Debug|Any CPU
		{ABDA1D4F-2F29-452E-A6D0-C505C4774C85}.Debug|x86.ActiveCfg = Debug|Any CPU
		{ABDA1D4F-2F29-452E-A6D0-C505C4774C85}.Debug|x86.Build.0 = Debug|Any CPU
		{ABDA1D4F-2F29-452E-A6D0-C505C4774C85}.Release|Any CPU.ActiveCfg = Release|Any CPU
		{ABDA1D4F-2F29-452E-A6D0-C505C4774C85}.Release|Any CPU.Build.0 = Release|Any CPU
		{ABDA1D4F-2F29-452E-A6D0-C505C4774C85}.Release|x64.ActiveCfg = Release|Any CPU
		{ABDA1D4F-2F29-452E-A6D0-C505C4774C85}.Release|x64.Build.0 = Release|Any CPU
		{ABDA1D4F-2F29-452E-A6D0-C505C4774C85}.Release|x86.ActiveCfg = Release|Any CPU
		{ABDA1D4F-2F29-452E-A6D0-C505C4774C85}.Release|x86.Build.0 = Release|Any CPU
		{61C7BD16-342F-4324-AA69-C11BF8B085C5}.Debug|Any CPU.ActiveCfg = Debug|Any CPU
		{61C7BD16-342F-4324-AA69-C11BF8B085C5}.Debug|Any CPU.Build.0 = Debug|Any CPU
		{61C7BD16-342F-4324-AA69-C11BF8B085C5}.Debug|x64.ActiveCfg = Debug|Any CPU
		{61C7BD16-342F-4324-AA69-C11BF8B085C5}.Debug|x64.Build.0 = Debug|Any CPU
		{61C7BD16-342F-4324-AA69-C11BF8B085C5}.Debug|x86.ActiveCfg = Debug|Any CPU
		{61C7BD16-342F-4324-AA69-C11BF8B085C5}.Debug|x86.Build.0 = Debug|Any CPU
		{61C7BD16-342F-4324-AA69-C11BF8B085C5}.Release|Any CPU.ActiveCfg = Release|Any CPU
		{61C7BD16-342F-4324-AA69-C11BF8B085C5}.Release|Any CPU.Build.0 = Release|Any CPU
		{61C7BD16-342F-4324-AA69-C11BF8B085C5}.Release|x64.ActiveCfg = Release|Any CPU
		{61C7BD16-342F-4324-AA69-C11BF8B085C5}.Release|x64.Build.0 = Release|Any CPU
		{61C7BD16-342F-4324-AA69-C11BF8B085C5}.Release|x86.ActiveCfg = Release|Any CPU
		{61C7BD16-342F-4324-AA69-C11BF8B085C5}.Release|x86.Build.0 = Release|Any CPU
		{05E38123-93BB-4ACC-90EE-8C628A955F6A}.Debug|Any CPU.ActiveCfg = Debug|Any CPU
		{05E38123-93BB-4ACC-90EE-8C628A955F6A}.Debug|Any CPU.Build.0 = Debug|Any CPU
		{05E38123-93BB-4ACC-90EE-8C628A955F6A}.Debug|x64.ActiveCfg = Debug|Any CPU
		{05E38123-93BB-4ACC-90EE-8C628A955F6A}.Debug|x64.Build.0 = Debug|Any CPU
		{05E38123-93BB-4ACC-90EE-8C628A955F6A}.Debug|x86.ActiveCfg = Debug|Any CPU
		{05E38123-93BB-4ACC-90EE-8C628A955F6A}.Debug|x86.Build.0 = Debug|Any CPU
		{05E38123-93BB-4ACC-90EE-8C628A955F6A}.Release|Any CPU.ActiveCfg = Release|Any CPU
		{05E38123-93BB-4ACC-90EE-8C628A955F6A}.Release|Any CPU.Build.0 = Release|Any CPU
		{05E38123-93BB-4ACC-90EE-8C628A955F6A}.Release|x64.ActiveCfg = Release|Any CPU
		{05E38123-93BB-4ACC-90EE-8C628A955F6A}.Release|x64.Build.0 = Release|Any CPU
		{05E38123-93BB-4ACC-90EE-8C628A955F6A}.Release|x86.ActiveCfg = Release|Any CPU
		{05E38123-93BB-4ACC-90EE-8C628A955F6A}.Release|x86.Build.0 = Release|Any CPU
		{0FA856CD-9575-4AA7-BE34-CFB40BB7B2F1}.Debug|Any CPU.ActiveCfg = Debug|Any CPU
		{0FA856CD-9575-4AA7-BE34-CFB40BB7B2F1}.Debug|Any CPU.Build.0 = Debug|Any CPU
		{0FA856CD-9575-4AA7-BE34-CFB40BB7B2F1}.Debug|x64.ActiveCfg = Debug|Any CPU
		{0FA856CD-9575-4AA7-BE34-CFB40BB7B2F1}.Debug|x64.Build.0 = Debug|Any CPU
		{0FA856CD-9575-4AA7-BE34-CFB40BB7B2F1}.Debug|x86.ActiveCfg = Debug|Any CPU
		{0FA856CD-9575-4AA7-BE34-CFB40BB7B2F1}.Debug|x86.Build.0 = Debug|Any CPU
		{0FA856CD-9575-4AA7-BE34-CFB40BB7B2F1}.Release|Any CPU.ActiveCfg = Release|Any CPU
		{0FA856CD-9575-4AA7-BE34-CFB40BB7B2F1}.Release|Any CPU.Build.0 = Release|Any CPU
		{0FA856CD-9575-4AA7-BE34-CFB40BB7B2F1}.Release|x64.ActiveCfg = Release|Any CPU
		{0FA856CD-9575-4AA7-BE34-CFB40BB7B2F1}.Release|x64.Build.0 = Release|Any CPU
		{0FA856CD-9575-4AA7-BE34-CFB40BB7B2F1}.Release|x86.ActiveCfg = Release|Any CPU
		{0FA856CD-9575-4AA7-BE34-CFB40BB7B2F1}.Release|x86.Build.0 = Release|Any CPU
		{E04C466A-C1E3-485F-AC90-B2A253EB928C}.Debug|Any CPU.ActiveCfg = Debug|Any CPU
		{E04C466A-C1E3-485F-AC90-B2A253EB928C}.Debug|Any CPU.Build.0 = Debug|Any CPU
		{E04C466A-C1E3-485F-AC90-B2A253EB928C}.Debug|x64.ActiveCfg = Debug|Any CPU
		{E04C466A-C1E3-485F-AC90-B2A253EB928C}.Debug|x64.Build.0 = Debug|Any CPU
		{E04C466A-C1E3-485F-AC90-B2A253EB928C}.Debug|x86.ActiveCfg = Debug|Any CPU
		{E04C466A-C1E3-485F-AC90-B2A253EB928C}.Debug|x86.Build.0 = Debug|Any CPU
		{E04C466A-C1E3-485F-AC90-B2A253EB928C}.Release|Any CPU.ActiveCfg = Release|Any CPU
		{E04C466A-C1E3-485F-AC90-B2A253EB928C}.Release|Any CPU.Build.0 = Release|Any CPU
		{E04C466A-C1E3-485F-AC90-B2A253EB928C}.Release|x64.ActiveCfg = Release|Any CPU
		{E04C466A-C1E3-485F-AC90-B2A253EB928C}.Release|x64.Build.0 = Release|Any CPU
		{E04C466A-C1E3-485F-AC90-B2A253EB928C}.Release|x86.ActiveCfg = Release|Any CPU
		{E04C466A-C1E3-485F-AC90-B2A253EB928C}.Release|x86.Build.0 = Release|Any CPU
		{894C0A38-09A3-454A-8CDF-2E4C27823D70}.Debug|Any CPU.ActiveCfg = Debug|Any CPU
		{894C0A38-09A3-454A-8CDF-2E4C27823D70}.Debug|Any CPU.Build.0 = Debug|Any CPU
		{894C0A38-09A3-454A-8CDF-2E4C27823D70}.Debug|x64.ActiveCfg = Debug|Any CPU
		{894C0A38-09A3-454A-8CDF-2E4C27823D70}.Debug|x64.Build.0 = Debug|Any CPU
		{894C0A38-09A3-454A-8CDF-2E4C27823D70}.Debug|x86.ActiveCfg = Debug|Any CPU
		{894C0A38-09A3-454A-8CDF-2E4C27823D70}.Debug|x86.Build.0 = Debug|Any CPU
		{894C0A38-09A3-454A-8CDF-2E4C27823D70}.Release|Any CPU.ActiveCfg = Release|Any CPU
		{894C0A38-09A3-454A-8CDF-2E4C27823D70}.Release|Any CPU.Build.0 = Release|Any CPU
		{894C0A38-09A3-454A-8CDF-2E4C27823D70}.Release|x64.ActiveCfg = Release|Any CPU
		{894C0A38-09A3-454A-8CDF-2E4C27823D70}.Release|x64.Build.0 = Release|Any CPU
		{894C0A38-09A3-454A-8CDF-2E4C27823D70}.Release|x86.ActiveCfg = Release|Any CPU
		{894C0A38-09A3-454A-8CDF-2E4C27823D70}.Release|x86.Build.0 = Release|Any CPU
		{809399D4-3657-44A5-96B9-4E349197A069}.Debug|Any CPU.ActiveCfg = Debug|Any CPU
		{809399D4-3657-44A5-96B9-4E349197A069}.Debug|Any CPU.Build.0 = Debug|Any CPU
		{809399D4-3657-44A5-96B9-4E349197A069}.Debug|x64.ActiveCfg = Debug|Any CPU
		{809399D4-3657-44A5-96B9-4E349197A069}.Debug|x64.Build.0 = Debug|Any CPU
		{809399D4-3657-44A5-96B9-4E349197A069}.Debug|x86.ActiveCfg = Debug|Any CPU
		{809399D4-3657-44A5-96B9-4E349197A069}.Debug|x86.Build.0 = Debug|Any CPU
		{809399D4-3657-44A5-96B9-4E349197A069}.Release|Any CPU.ActiveCfg = Release|Any CPU
		{809399D4-3657-44A5-96B9-4E349197A069}.Release|Any CPU.Build.0 = Release|Any CPU
		{809399D4-3657-44A5-96B9-4E349197A069}.Release|x64.ActiveCfg = Release|Any CPU
		{809399D4-3657-44A5-96B9-4E349197A069}.Release|x64.Build.0 = Release|Any CPU
		{809399D4-3657-44A5-96B9-4E349197A069}.Release|x86.ActiveCfg = Release|Any CPU
		{809399D4-3657-44A5-96B9-4E349197A069}.Release|x86.Build.0 = Release|Any CPU
		{AA5F8F41-48F7-4356-9513-C213D4C95615}.Debug|Any CPU.ActiveCfg = Debug|Any CPU
		{AA5F8F41-48F7-4356-9513-C213D4C95615}.Debug|Any CPU.Build.0 = Debug|Any CPU
		{AA5F8F41-48F7-4356-9513-C213D4C95615}.Debug|x64.ActiveCfg = Debug|Any CPU
		{AA5F8F41-48F7-4356-9513-C213D4C95615}.Debug|x64.Build.0 = Debug|Any CPU
		{AA5F8F41-48F7-4356-9513-C213D4C95615}.Debug|x86.ActiveCfg = Debug|Any CPU
		{AA5F8F41-48F7-4356-9513-C213D4C95615}.Debug|x86.Build.0 = Debug|Any CPU
		{AA5F8F41-48F7-4356-9513-C213D4C95615}.Release|Any CPU.ActiveCfg = Release|Any CPU
		{AA5F8F41-48F7-4356-9513-C213D4C95615}.Release|Any CPU.Build.0 = Release|Any CPU
		{AA5F8F41-48F7-4356-9513-C213D4C95615}.Release|x64.ActiveCfg = Release|Any CPU
		{AA5F8F41-48F7-4356-9513-C213D4C95615}.Release|x64.Build.0 = Release|Any CPU
		{AA5F8F41-48F7-4356-9513-C213D4C95615}.Release|x86.ActiveCfg = Release|Any CPU
		{AA5F8F41-48F7-4356-9513-C213D4C95615}.Release|x86.Build.0 = Release|Any CPU
		{8367E705-7F61-416F-9FA9-C360C1D40282}.Debug|Any CPU.ActiveCfg = Debug|Any CPU
		{8367E705-7F61-416F-9FA9-C360C1D40282}.Debug|Any CPU.Build.0 = Debug|Any CPU
		{8367E705-7F61-416F-9FA9-C360C1D40282}.Debug|x64.ActiveCfg = Debug|Any CPU
		{8367E705-7F61-416F-9FA9-C360C1D40282}.Debug|x64.Build.0 = Debug|Any CPU
		{8367E705-7F61-416F-9FA9-C360C1D40282}.Debug|x86.ActiveCfg = Debug|Any CPU
		{8367E705-7F61-416F-9FA9-C360C1D40282}.Debug|x86.Build.0 = Debug|Any CPU
		{8367E705-7F61-416F-9FA9-C360C1D40282}.Release|Any CPU.ActiveCfg = Release|Any CPU
		{8367E705-7F61-416F-9FA9-C360C1D40282}.Release|Any CPU.Build.0 = Release|Any CPU
		{8367E705-7F61-416F-9FA9-C360C1D40282}.Release|x64.ActiveCfg = Release|Any CPU
		{8367E705-7F61-416F-9FA9-C360C1D40282}.Release|x64.Build.0 = Release|Any CPU
		{8367E705-7F61-416F-9FA9-C360C1D40282}.Release|x86.ActiveCfg = Release|Any CPU
		{8367E705-7F61-416F-9FA9-C360C1D40282}.Release|x86.Build.0 = Release|Any CPU
		{C51AE3E3-D309-49A1-BD1E-F6C25BBF7556}.Debug|Any CPU.ActiveCfg = Debug|Any CPU
		{C51AE3E3-D309-49A1-BD1E-F6C25BBF7556}.Debug|Any CPU.Build.0 = Debug|Any CPU
		{C51AE3E3-D309-49A1-BD1E-F6C25BBF7556}.Debug|x64.ActiveCfg = Debug|Any CPU
		{C51AE3E3-D309-49A1-BD1E-F6C25BBF7556}.Debug|x64.Build.0 = Debug|Any CPU
		{C51AE3E3-D309-49A1-BD1E-F6C25BBF7556}.Debug|x86.ActiveCfg = Debug|Any CPU
		{C51AE3E3-D309-49A1-BD1E-F6C25BBF7556}.Debug|x86.Build.0 = Debug|Any CPU
		{C51AE3E3-D309-49A1-BD1E-F6C25BBF7556}.Release|Any CPU.ActiveCfg = Release|Any CPU
		{C51AE3E3-D309-49A1-BD1E-F6C25BBF7556}.Release|Any CPU.Build.0 = Release|Any CPU
		{C51AE3E3-D309-49A1-BD1E-F6C25BBF7556}.Release|x64.ActiveCfg = Release|Any CPU
		{C51AE3E3-D309-49A1-BD1E-F6C25BBF7556}.Release|x64.Build.0 = Release|Any CPU
		{C51AE3E3-D309-49A1-BD1E-F6C25BBF7556}.Release|x86.ActiveCfg = Release|Any CPU
		{C51AE3E3-D309-49A1-BD1E-F6C25BBF7556}.Release|x86.Build.0 = Release|Any CPU
		{3B7E2F1A-9C4D-4E5F-8A6B-1D2E3F4A5B6C}.Debug|Any CPU.ActiveCfg = Debug|Any CPU
		{3B7E2F1A-9C4D-4E5F-8A6B-1D2E3F4A5B6C}.Debug|Any CPU.Build.0 = Debug|Any CPU
		{3B7E2F1A-9C4D-4E5F-8A6B-1D2E3F4A5B6C}.Debug|x64.ActiveCfg = Debug|Any CPU
		{3B7E2F1A-9C4D-4E5F-8A6B-1D2E3F4A5B6C}.Debug|x64.Build.0 = Debug|Any CPU
		{3B7E2F1A-9C4D-4E5F-8A6B-1D2E3F4A5B6C}.Debug|x86.ActiveCfg = Debug|Any CPU
		{3B7E2F1A-9C4D-4E5F-8A6B-1D2E3F4A5B6C}.Debug|x86.Build.0 = Debug|Any CPU
		{3B7E2F1A-9C4D-4E5F-8A6B-1D2E3F4A5B6C}.Release|Any CPU.ActiveCfg = Release|Any CPU
		{3B7E2F1A-9C4D-4E5F-8A6B-1D2E3F4A5B6C}.Release|Any CPU.Build.0 = Release|Any CPU
		{3B7E2F1A-9C4D-4E5F-8A6B-1D2E3F4A5B6C}.Release|x64.ActiveCfg = Release|Any CPU
		{3B7E2F1A-9C4D-4E5F-8A6B-1D2E3F4A5B6C}.Release|x64.Build.0 = Release|Any CPU
		{3B7E2F1A-9C4D-4E5F-8A6B-1D2E3F4A5B6C}.Release|x86.ActiveCfg = Release|Any CPU
		{3B7E2F1A-9C4D-4E5F-8A6B-1D2E3F4A5B6C}.Release|x86.Build.0 = Release|Any CPU
		{A1B2C3D4-E5F6-7890-ABCD-EF1234567890}.Debug|Any CPU.ActiveCfg = Debug|Any CPU
		{A1B2C3D4-E5F6-7890-ABCD-EF1234567890}.Debug|Any CPU.Build.0 = Debug|Any CPU
		{A1B2C3D4-E5F6-7890-ABCD-EF1234567890}.Debug|x64.ActiveCfg = Debug|Any CPU
		{A1B2C3D4-E5F6-7890-ABCD-EF1234567890}.Debug|x64.Build.0 = Debug|Any CPU
		{A1B2C3D4-E5F6-7890-ABCD-EF1234567890}.Debug|x86.ActiveCfg = Debug|Any CPU
		{A1B2C3D4-E5F6-7890-ABCD-EF1234567890}.Debug|x86.Build.0 = Debug|Any CPU
		{A1B2C3D4-E5F6-7890-ABCD-EF1234567890}.Release|Any CPU.ActiveCfg = Release|Any CPU
		{A1B2C3D4-E5F6-7890-ABCD-EF1234567890}.Release|Any CPU.Build.0 = Release|Any CPU
		{A1B2C3D4-E5F6-7890-ABCD-EF1234567890}.Release|x64.ActiveCfg = Release|Any CPU
		{A1B2C3D4-E5F6-7890-ABCD-EF1234567890}.Release|x64.Build.0 = Release|Any CPU
		{A1B2C3D4-E5F6-7890-ABCD-EF1234567890}.Release|x86.ActiveCfg = Release|Any CPU
		{A1B2C3D4-E5F6-7890-ABCD-EF1234567890}.Release|x86.Build.0 = Release|Any CPU
		{6D0E3197-B2C1-4101-BCD1-E2F97F115C17}.Debug|Any CPU.ActiveCfg = Debug|Any CPU
		{6D0E3197-B2C1-4101-BCD1-E2F97F115C17}.Debug|Any CPU.Build.0 = Debug|Any CPU
		{6D0E3197-B2C1-4101-BCD1-E2F97F115C17}.Debug|x64.ActiveCfg = Debug|Any CPU
		{6D0E3197-B2C1-4101-BCD1-E2F97F115C17}.Debug|x64.Build.0 = Debug|Any CPU
		{6D0E3197-B2C1-4101-BCD1-E2F97F115C17}.Debug|x86.ActiveCfg = Debug|Any CPU
		{6D0E3197-B2C1-4101-BCD1-E2F97F115C17}.Debug|x86.Build.0 = Debug|Any CPU
		{6D0E3197-B2C1-4101-BCD1-E2F97F115C17}.Release|Any CPU.ActiveCfg = Release|Any CPU
		{6D0E3197-B2C1-4101-BCD1-E2F97F115C17}.Release|Any CPU.Build.0 = Release|Any CPU
		{6D0E3197-B2C1-4101-BCD1-E2F97F115C17}.Release|x64.ActiveCfg = Release|Any CPU
		{6D0E3197-B2C1-4101-BCD1-E2F97F115C17}.Release|x64.Build.0 = Release|Any CPU
		{6D0E3197-B2C1-4101-BCD1-E2F97F115C17}.Release|x86.ActiveCfg = Release|Any CPU
		{6D0E3197-B2C1-4101-BCD1-E2F97F115C17}.Release|x86.Build.0 = Release|Any CPU
		{552A5550-56CB-4B69-86D2-DCA214534915}.Debug|Any CPU.ActiveCfg = Debug|Any CPU
		{552A5550-56CB-4B69-86D2-DCA214534915}.Debug|Any CPU.Build.0 = Debug|Any CPU
		{552A5550-56CB-4B69-86D2-DCA214534915}.Debug|x64.ActiveCfg = Debug|Any CPU
		{552A5550-56CB-4B69-86D2-DCA214534915}.Debug|x64.Build.0 = Debug|Any CPU
		{552A5550-56CB-4B69-86D2-DCA214534915}.Debug|x86.ActiveCfg = Debug|Any CPU
		{552A5550-56CB-4B69-86D2-DCA214534915}.Debug|x86.Build.0 = Debug|Any CPU
		{552A5550-56CB-4B69-86D2-DCA214534915}.Release|Any CPU.ActiveCfg = Release|Any CPU
		{552A5550-56CB-4B69-86D2-DCA214534915}.Release|Any CPU.Build.0 = Release|Any CPU
		{552A5550-56CB-4B69-86D2-DCA214534915}.Release|x64.ActiveCfg = Release|Any CPU
		{552A5550-56CB-4B69-86D2-DCA214534915}.Release|x64.Build.0 = Release|Any CPU
		{552A5550-56CB-4B69-86D2-DCA214534915}.Release|x86.ActiveCfg = Release|Any CPU
		{552A5550-56CB-4B69-86D2-DCA214534915}.Release|x86.Build.0 = Release|Any CPU
		{38BDE1D0-9A10-499A-AFE4-48E4D6A3FE81}.Debug|Any CPU.ActiveCfg = Debug|Any CPU
		{38BDE1D0-9A10-499A-AFE4-48E4D6A3FE81}.Debug|Any CPU.Build.0 = Debug|Any CPU
		{38BDE1D0-9A10-499A-AFE4-48E4D6A3FE81}.Debug|x64.ActiveCfg = Debug|Any CPU
		{38BDE1D0-9A10-499A-AFE4-48E4D6A3FE81}.Debug|x64.Build.0 = Debug|Any CPU
		{38BDE1D0-9A10-499A-AFE4-48E4D6A3FE81}.Debug|x86.ActiveCfg = Debug|Any CPU
		{38BDE1D0-9A10-499A-AFE4-48E4D6A3FE81}.Debug|x86.Build.0 = Debug|Any CPU
		{38BDE1D0-9A10-499A-AFE4-48E4D6A3FE81}.Release|Any CPU.ActiveCfg = Release|Any CPU
		{38BDE1D0-9A10-499A-AFE4-48E4D6A3FE81}.Release|Any CPU.Build.0 = Release|Any CPU
		{38BDE1D0-9A10-499A-AFE4-48E4D6A3FE81}.Release|x64.ActiveCfg = Release|Any CPU
		{38BDE1D0-9A10-499A-AFE4-48E4D6A3FE81}.Release|x64.Build.0 = Release|Any CPU
		{38BDE1D0-9A10-499A-AFE4-48E4D6A3FE81}.Release|x86.ActiveCfg = Release|Any CPU
		{38BDE1D0-9A10-499A-AFE4-48E4D6A3FE81}.Release|x86.Build.0 = Release|Any CPU
		{A68A5DDD-0A4D-4F69-9580-9DB8C1A98822}.Debug|Any CPU.ActiveCfg = Debug|Any CPU
		{A68A5DDD-0A4D-4F69-9580-9DB8C1A98822}.Debug|Any CPU.Build.0 = Debug|Any CPU
		{A68A5DDD-0A4D-4F69-9580-9DB8C1A98822}.Debug|x64.ActiveCfg = Debug|Any CPU
		{A68A5DDD-0A4D-4F69-9580-9DB8C1A98822}.Debug|x64.Build.0 = Debug|Any CPU
		{A68A5DDD-0A4D-4F69-9580-9DB8C1A98822}.Debug|x86.ActiveCfg = Debug|Any CPU
		{A68A5DDD-0A4D-4F69-9580-9DB8C1A98822}.Debug|x86.Build.0 = Debug|Any CPU
		{A68A5DDD-0A4D-4F69-9580-9DB8C1A98822}.Release|Any CPU.ActiveCfg = Release|Any CPU
		{A68A5DDD-0A4D-4F69-9580-9DB8C1A98822}.Release|Any CPU.Build.0 = Release|Any CPU
		{A68A5DDD-0A4D-4F69-9580-9DB8C1A98822}.Release|x64.ActiveCfg = Release|Any CPU
		{A68A5DDD-0A4D-4F69-9580-9DB8C1A98822}.Release|x64.Build.0 = Release|Any CPU
		{A68A5DDD-0A4D-4F69-9580-9DB8C1A98822}.Release|x86.ActiveCfg = Release|Any CPU
		{A68A5DDD-0A4D-4F69-9580-9DB8C1A98822}.Release|x86.Build.0 = Release|Any CPU
		{C5865166-ABEF-4450-9209-FFAC7244933B}.Debug|Any CPU.ActiveCfg = Debug|Any CPU
		{C5865166-ABEF-4450-9209-FFAC7244933B}.Debug|Any CPU.Build.0 = Debug|Any CPU
		{C5865166-ABEF-4450-9209-FFAC7244933B}.Debug|x64.ActiveCfg = Debug|Any CPU
		{C5865166-ABEF-4450-9209-FFAC7244933B}.Debug|x64.Build.0 = Debug|Any CPU
		{C5865166-ABEF-4450-9209-FFAC7244933B}.Debug|x86.ActiveCfg = Debug|Any CPU
		{C5865166-ABEF-4450-9209-FFAC7244933B}.Debug|x86.Build.0 = Debug|Any CPU
		{C5865166-ABEF-4450-9209-FFAC7244933B}.Release|Any CPU.ActiveCfg = Release|Any CPU
		{C5865166-ABEF-4450-9209-FFAC7244933B}.Release|Any CPU.Build.0 = Release|Any CPU
		{C5865166-ABEF-4450-9209-FFAC7244933B}.Release|x64.ActiveCfg = Release|Any CPU
		{C5865166-ABEF-4450-9209-FFAC7244933B}.Release|x64.Build.0 = Release|Any CPU
		{C5865166-ABEF-4450-9209-FFAC7244933B}.Release|x86.ActiveCfg = Release|Any CPU
		{C5865166-ABEF-4450-9209-FFAC7244933B}.Release|x86.Build.0 = Release|Any CPU
		{3F6AB3D8-7D19-441E-BB5C-BEDC40482656}.Debug|Any CPU.ActiveCfg = Debug|Any CPU
		{3F6AB3D8-7D19-441E-BB5C-BEDC40482656}.Debug|Any CPU.Build.0 = Debug|Any CPU
		{3F6AB3D8-7D19-441E-BB5C-BEDC40482656}.Debug|x64.ActiveCfg = Debug|Any CPU
		{3F6AB3D8-7D19-441E-BB5C-BEDC40482656}.Debug|x64.Build.0 = Debug|Any CPU
		{3F6AB3D8-7D19-441E-BB5C-BEDC40482656}.Debug|x86.ActiveCfg = Debug|Any CPU
		{3F6AB3D8-7D19-441E-BB5C-BEDC40482656}.Debug|x86.Build.0 = Debug|Any CPU
		{3F6AB3D8-7D19-441E-BB5C-BEDC40482656}.Release|Any CPU.ActiveCfg = Release|Any CPU
		{3F6AB3D8-7D19-441E-BB5C-BEDC40482656}.Release|Any CPU.Build.0 = Release|Any CPU
		{3F6AB3D8-7D19-441E-BB5C-BEDC40482656}.Release|x64.ActiveCfg = Release|Any CPU
		{3F6AB3D8-7D19-441E-BB5C-BEDC40482656}.Release|x64.Build.0 = Release|Any CPU
		{3F6AB3D8-7D19-441E-BB5C-BEDC40482656}.Release|x86.ActiveCfg = Release|Any CPU
		{3F6AB3D8-7D19-441E-BB5C-BEDC40482656}.Release|x86.Build.0 = Release|Any CPU
		{2C9B1A6F-B4BA-46EB-A3E3-0368BE219C99}.Debug|Any CPU.ActiveCfg = Debug|Any CPU
		{2C9B1A6F-B4BA-46EB-A3E3-0368BE219C99}.Debug|Any CPU.Build.0 = Debug|Any CPU
		{2C9B1A6F-B4BA-46EB-A3E3-0368BE219C99}.Debug|x64.ActiveCfg = Debug|Any CPU
		{2C9B1A6F-B4BA-46EB-A3E3-0368BE219C99}.Debug|x64.Build.0 = Debug|Any CPU
		{2C9B1A6F-B4BA-46EB-A3E3-0368BE219C99}.Debug|x86.ActiveCfg = Debug|Any CPU
		{2C9B1A6F-B4BA-46EB-A3E3-0368BE219C99}.Debug|x86.Build.0 = Debug|Any CPU
		{2C9B1A6F-B4BA-46EB-A3E3-0368BE219C99}.Release|Any CPU.ActiveCfg = Release|Any CPU
		{2C9B1A6F-B4BA-46EB-A3E3-0368BE219C99}.Release|Any CPU.Build.0 = Release|Any CPU
		{2C9B1A6F-B4BA-46EB-A3E3-0368BE219C99}.Release|x64.ActiveCfg = Release|Any CPU
		{2C9B1A6F-B4BA-46EB-A3E3-0368BE219C99}.Release|x64.Build.0 = Release|Any CPU
		{2C9B1A6F-B4BA-46EB-A3E3-0368BE219C99}.Release|x86.ActiveCfg = Release|Any CPU
		{2C9B1A6F-B4BA-46EB-A3E3-0368BE219C99}.Release|x86.Build.0 = Release|Any CPU
		{384FEC75-4BA7-4C7A-A043-BA329B5759B2}.Debug|Any CPU.ActiveCfg = Debug|Any CPU
		{384FEC75-4BA7-4C7A-A043-BA329B5759B2}.Debug|Any CPU.Build.0 = Debug|Any CPU
		{384FEC75-4BA7-4C7A-A043-BA329B5759B2}.Debug|x64.ActiveCfg = Debug|Any CPU
		{384FEC75-4BA7-4C7A-A043-BA329B5759B2}.Debug|x64.Build.0 = Debug|Any CPU
		{384FEC75-4BA7-4C7A-A043-BA329B5759B2}.Debug|x86.ActiveCfg = Debug|Any CPU
		{384FEC75-4BA7-4C7A-A043-BA329B5759B2}.Debug|x86.Build.0 = Debug|Any CPU
		{384FEC75-4BA7-4C7A-A043-BA329B5759B2}.Release|Any CPU.ActiveCfg = Release|Any CPU
		{384FEC75-4BA7-4C7A-A043-BA329B5759B2}.Release|Any CPU.Build.0 = Release|Any CPU
		{384FEC75-4BA7-4C7A-A043-BA329B5759B2}.Release|x64.ActiveCfg = Release|Any CPU
		{384FEC75-4BA7-4C7A-A043-BA329B5759B2}.Release|x64.Build.0 = Release|Any CPU
		{384FEC75-4BA7-4C7A-A043-BA329B5759B2}.Release|x86.ActiveCfg = Release|Any CPU
		{384FEC75-4BA7-4C7A-A043-BA329B5759B2}.Release|x86.Build.0 = Release|Any CPU
		{B843DCEC-645D-48F4-8C2C-F85E00D1C040}.Debug|Any CPU.ActiveCfg = Debug|Any CPU
		{B843DCEC-645D-48F4-8C2C-F85E00D1C040}.Debug|Any CPU.Build.0 = Debug|Any CPU
		{B843DCEC-645D-48F4-8C2C-F85E00D1C040}.Debug|x64.ActiveCfg = Debug|Any CPU
		{B843DCEC-645D-48F4-8C2C-F85E00D1C040}.Debug|x64.Build.0 = Debug|Any CPU
		{B843DCEC-645D-48F4-8C2C-F85E00D1C040}.Debug|x86.ActiveCfg = Debug|Any CPU
		{B843DCEC-645D-48F4-8C2C-F85E00D1C040}.Debug|x86.Build.0 = Debug|Any CPU
		{B843DCEC-645D-48F4-8C2C-F85E00D1C040}.Release|Any CPU.ActiveCfg = Release|Any CPU
		{B843DCEC-645D-48F4-8C2C-F85E00D1C040}.Release|Any CPU.Build.0 = Release|Any CPU
		{B843DCEC-645D-48F4-8C2C-F85E00D1C040}.Release|x64.ActiveCfg = Release|Any CPU
		{B843DCEC-645D-48F4-8C2C-F85E00D1C040}.Release|x64.Build.0 = Release|Any CPU
		{B843DCEC-645D-48F4-8C2C-F85E00D1C040}.Release|x86.ActiveCfg = Release|Any CPU
		{B843DCEC-645D-48F4-8C2C-F85E00D1C040}.Release|x86.Build.0 = Release|Any CPU
		{961A9132-8B07-4DB3-A140-B1902D6C59D8}.Debug|Any CPU.ActiveCfg = Debug|Any CPU
		{961A9132-8B07-4DB3-A140-B1902D6C59D8}.Debug|Any CPU.Build.0 = Debug|Any CPU
		{961A9132-8B07-4DB3-A140-B1902D6C59D8}.Debug|x64.ActiveCfg = Debug|Any CPU
		{961A9132-8B07-4DB3-A140-B1902D6C59D8}.Debug|x64.Build.0 = Debug|Any CPU
		{961A9132-8B07-4DB3-A140-B1902D6C59D8}.Debug|x86.ActiveCfg = Debug|Any CPU
		{961A9132-8B07-4DB3-A140-B1902D6C59D8}.Debug|x86.Build.0 = Debug|Any CPU
		{961A9132-8B07-4DB3-A140-B1902D6C59D8}.Release|Any CPU.ActiveCfg = Release|Any CPU
		{961A9132-8B07-4DB3-A140-B1902D6C59D8}.Release|Any CPU.Build.0 = Release|Any CPU
		{961A9132-8B07-4DB3-A140-B1902D6C59D8}.Release|x64.ActiveCfg = Release|Any CPU
		{961A9132-8B07-4DB3-A140-B1902D6C59D8}.Release|x64.Build.0 = Release|Any CPU
		{961A9132-8B07-4DB3-A140-B1902D6C59D8}.Release|x86.ActiveCfg = Release|Any CPU
		{961A9132-8B07-4DB3-A140-B1902D6C59D8}.Release|x86.Build.0 = Release|Any CPU
	EndGlobalSection
	GlobalSection(SolutionProperties) = preSolution
		HideSolutionNode = FALSE
	EndGlobalSection
	GlobalSection(NestedProjects) = preSolution
		{552A5550-56CB-4B69-86D2-DCA214534915} = {827E0CD3-B72D-47B6-A68D-7590B98EB39B}
		{38BDE1D0-9A10-499A-AFE4-48E4D6A3FE81} = {827E0CD3-B72D-47B6-A68D-7590B98EB39B}
		{A68A5DDD-0A4D-4F69-9580-9DB8C1A98822} = {827E0CD3-B72D-47B6-A68D-7590B98EB39B}
		{C5865166-ABEF-4450-9209-FFAC7244933B} = {827E0CD3-B72D-47B6-A68D-7590B98EB39B}
		{3F6AB3D8-7D19-441E-BB5C-BEDC40482656} = {827E0CD3-B72D-47B6-A68D-7590B98EB39B}
		{2C9B1A6F-B4BA-46EB-A3E3-0368BE219C99} = {827E0CD3-B72D-47B6-A68D-7590B98EB39B}
		{384FEC75-4BA7-4C7A-A043-BA329B5759B2} = {827E0CD3-B72D-47B6-A68D-7590B98EB39B}
		{B843DCEC-645D-48F4-8C2C-F85E00D1C040} = {827E0CD3-B72D-47B6-A68D-7590B98EB39B}
		{961A9132-8B07-4DB3-A140-B1902D6C59D8} = {827E0CD3-B72D-47B6-A68D-7590B98EB39B}
	EndGlobalSection
EndGlobal
