
Microsoft Visual Studio Solution File, Format Version 12.00
# Visual Studio Version 17
VisualStudioVersion = 17.0.31903.59
MinimumVisualStudioVersion = 10.0.40219.1
Project("{FAE04EC0-301F-11D3-BF4B-00C04F79EFBC}") = "TC.CodeGraphApi", "TC.CodeGraphApi\TC.CodeGraphApi.csproj", "{ABDA1D4F-2F29-452E-A6D0-C505C4774C85}"
EndProject
Project("{FAE04EC0-301F-11D3-BF4B-00C04F79EFBC}") = "TC.CodeGraphApi.Console", "TC.CodeGraphApi.Console\TC.CodeGraphApi.Console.csproj", "{D4DE8D3C-D970-4006-B981-B8E69A90783C}"
EndProject
Project("{FAE04EC0-301F-11D3-BF4B-00C04F79EFBC}") = "TC.CodeGraphApi.Models", "TC.CodeGraphApi.Models\TC.CodeGraphApi.Models.csproj", "{61C7BD16-342F-4324-AA69-C11BF8B085C5}"
EndProject
Project("{FAE04EC0-301F-11D3-BF4B-00C04F79EFBC}") = "TC.CodeGraphApi.Services", "TC.CodeGraphApi.Services\TC.CodeGraphApi.Services.csproj", "{05E38123-93BB-4ACC-90EE-8C628A955F6A}"
EndProject
Project("{FAE04EC0-301F-11D3-BF4B-00C04F79EFBC}") = "TC.CodeGraphApi.Data", "TC.CodeGraphApi.Data\TC.CodeGraphApi.Data.csproj", "{0FA856CD-9575-4AA7-BE34-CFB40BB7B2F1}"
EndProject
Project("{FAE04EC0-301F-11D3-BF4B-00C04F79EFBC}") = "TC.CodeGraphJobs", "TC.CodeGraphJobs\TC.CodeGraphJobs.csproj", "{894C0A38-09A3-454A-8CDF-2E4C27823D70}"
EndProject
Project("{FAE04EC0-301F-11D3-BF4B-00C04F79EFBC}") = "TC.CodeGraphApi.Extractors.CSharp", "TC.CodeGraphApi.Extractors.CSharp\TC.CodeGraphApi.Extractors.CSharp.csproj", "{809399D4-3657-44A5-96B9-4E349197A069}"
EndProject
Project("{FAE04EC0-301F-11D3-BF4B-00C04F79EFBC}") = "TC.CodeGraphApi.Tests", "TC.CodeGraphApi.Tests\TC.CodeGraphApi.Tests.csproj", "{AA5F8F41-48F7-4356-9513-C213D4C95615}"
EndProject
Project("{FAE04EC0-301F-11D3-BF4B-00C04F79EFBC}") = "TC.CodeGraphJobs.Tests", "TC.CodeGraphJobs.Tests\TC.CodeGraphJobs.Tests.csproj", "{8367E705-7F61-416F-9FA9-C360C1D40282}"
EndProject
Global
	GlobalSection(SolutionConfigurationPlatforms) = preSolution
		Debug|Any CPU = Debug|Any CPU
		Release|Any CPU = Release|Any CPU
	EndGlobalSection
	GlobalSection(SolutionProperties) = preSolution
		HideSolutionNode = FALSE
	EndGlobalSection
	GlobalSection(ProjectConfigurationPlatforms) = postSolution
		{ABDA1D4F-2F29-452E-A6D0-C505C4774C85}.Debug|Any CPU.ActiveCfg = Debug|Any CPU
		{ABDA1D4F-2F29-452E-A6D0-C505C4774C85}.Debug|Any CPU.Build.0 = Debug|Any CPU
		{ABDA1D4F-2F29-452E-A6D0-C505C4774C85}.Release|Any CPU.ActiveCfg = Release|Any CPU
		{ABDA1D4F-2F29-452E-A6D0-C505C4774C85}.Release|Any CPU.Build.0 = Release|Any CPU
		{D4DE8D3C-D970-4006-B981-B8E69A90783C}.Debug|Any CPU.ActiveCfg = Debug|Any CPU
		{D4DE8D3C-D970-4006-B981-B8E69A90783C}.Debug|Any CPU.Build.0 = Debug|Any CPU
		{D4DE8D3C-D970-4006-B981-B8E69A90783C}.Release|Any CPU.ActiveCfg = Release|Any CPU
		{D4DE8D3C-D970-4006-B981-B8E69A90783C}.Release|Any CPU.Build.0 = Release|Any CPU
		{61C7BD16-342F-4324-AA69-C11BF8B085C5}.Debug|Any CPU.ActiveCfg = Debug|Any CPU
		{61C7BD16-342F-4324-AA69-C11BF8B085C5}.Debug|Any CPU.Build.0 = Debug|Any CPU
		{61C7BD16-342F-4324-AA69-C11BF8B085C5}.Release|Any CPU.ActiveCfg = Release|Any CPU
		{61C7BD16-342F-4324-AA69-C11BF8B085C5}.Release|Any CPU.Build.0 = Release|Any CPU
		{05E38123-93BB-4ACC-90EE-8C628A955F6A}.Debug|Any CPU.ActiveCfg = Debug|Any CPU
		{05E38123-93BB-4ACC-90EE-8C628A955F6A}.Debug|Any CPU.Build.0 = Debug|Any CPU
		{05E38123-93BB-4ACC-90EE-8C628A955F6A}.Release|Any CPU.ActiveCfg = Release|Any CPU
		{05E38123-93BB-4ACC-90EE-8C628A955F6A}.Release|Any CPU.Build.0 = Release|Any CPU
		{0FA856CD-9575-4AA7-BE34-CFB40BB7B2F1}.Debug|Any CPU.ActiveCfg = Debug|Any CPU
		{0FA856CD-9575-4AA7-BE34-CFB40BB7B2F1}.Debug|Any CPU.Build.0 = Debug|Any CPU
		{0FA856CD-9575-4AA7-BE34-CFB40BB7B2F1}.Release|Any CPU.ActiveCfg = Release|Any CPU
		{0FA856CD-9575-4AA7-BE34-CFB40BB7B2F1}.Release|Any CPU.Build.0 = Release|Any CPU
		{894C0A38-09A3-454A-8CDF-2E4C27823D70}.Debug|Any CPU.ActiveCfg = Debug|Any CPU
		{894C0A38-09A3-454A-8CDF-2E4C27823D70}.Debug|Any CPU.Build.0 = Debug|Any CPU
		{894C0A38-09A3-454A-8CDF-2E4C27823D70}.Release|Any CPU.ActiveCfg = Release|Any CPU
		{894C0A38-09A3-454A-8CDF-2E4C27823D70}.Release|Any CPU.Build.0 = Release|Any CPU
		{809399D4-3657-44A5-96B9-4E349197A069}.Debug|Any CPU.ActiveCfg = Debug|Any CPU
		{809399D4-3657-44A5-96B9-4E349197A069}.Debug|Any CPU.Build.0 = Debug|Any CPU
		{809399D4-3657-44A5-96B9-4E349197A069}.Release|Any CPU.ActiveCfg = Release|Any CPU
		{809399D4-3657-44A5-96B9-4E349197A069}.Release|Any CPU.Build.0 = Release|Any CPU
		{AA5F8F41-48F7-4356-9513-C213D4C95615}.Debug|Any CPU.ActiveCfg = Debug|Any CPU
		{AA5F8F41-48F7-4356-9513-C213D4C95615}.Debug|Any CPU.Build.0 = Debug|Any CPU
		{AA5F8F41-48F7-4356-9513-C213D4C95615}.Release|Any CPU.ActiveCfg = Release|Any CPU
		{AA5F8F41-48F7-4356-9513-C213D4C95615}.Release|Any CPU.Build.0 = Release|Any CPU
		{8367E705-7F61-416F-9FA9-C360C1D40282}.Debug|Any CPU.ActiveCfg = Debug|Any CPU
		{8367E705-7F61-416F-9FA9-C360C1D40282}.Debug|Any CPU.Build.0 = Debug|Any CPU
		{8367E705-7F61-416F-9FA9-C360C1D40282}.Release|Any CPU.ActiveCfg = Release|Any CPU
		{8367E705-7F61-416F-9FA9-C360C1D40282}.Release|Any CPU.Build.0 = Release|Any CPU
	EndGlobalSection
EndGlobal
